
Microsoft Visual Studio Solution File, Format Version 12.00
# Visual Studio 15
VisualStudioVersion = 15.0.28307.1231
MinimumVisualStudioVersion = 10.0.40219.1
Project("{FAE04EC0-301F-11D3-BF4B-00C04F79EFBC}") = "BMI", "BMI\BMI.csproj", "{1DE25083-B020-4EF4-865C-F0EE90AE3438}"
EndProject
Global
	GlobalSection(SolutionConfigurationPlatforms) = preSolution
		Debug|Any CPU = Debug|Any CPU
		Release|Any CPU = Release|Any CPU
	EndGlobalSection
	GlobalSection(ProjectConfigurationPlatforms) = postSolution
		{1DE25083-B020-4EF4-865C-F0EE90AE3438}.Debug|Any CPU.ActiveCfg = Debug|Any CPU
		{1DE25083-B020-4EF4-865C-F0EE90AE3438}.Debug|Any CPU.Build.0 = Debug|Any CPU
		{1DE25083-B020-4EF4-865C-F0EE90AE3438}.Release|Any CPU.ActiveCfg = Release|Any CPU
		{1DE25083-B020-4EF4-865C-F0EE90AE3438}.Release|Any CPU.Build.0 = Release|Any CPU
	EndGlobalSection
	GlobalSection(SolutionProperties) = preSolution
		HideSolutionNode = FALSE
	EndGlobalSection
	GlobalSection(ExtensibilityGlobals) = postSolution
		SolutionGuid = {EECD0B75-DB13-4A16-B60F-39CD089DD0E8}
	EndGlobalSection
EndGlobal
